
Microsoft Visual Studio Solution File, Format Version 12.00
# Visual Studio 15
VisualStudioVersion = 15.0.27428.2002
MinimumVisualStudioVersion = 10.0.40219.1
Project("{FAE04EC0-301F-11D3-BF4B-00C04F79EFBC}") = "BinarySearchTree", "BinarySearchTree\BinarySearchTree.csproj", "{B04B3136-AE51-4615-AB59-CEFF8AEB8056}"
EndProject
Project("{2150E333-8FDC-42A3-9474-1A3956D46DE8}") = "Solution Items", "Solution Items", "{CE18495D-9001-4955-AEC7-D519F0213E37}"
	ProjectSection(SolutionItems) = preProject
		CHANGELOG.md = CHANGELOG.md
		README.md = README.md
	EndProjectSection
EndProject
Global
	GlobalSection(SolutionConfigurationPlatforms) = preSolution
		Debug|Any CPU = Debug|Any CPU
		Release|Any CPU = Release|Any CPU
	EndGlobalSection
	GlobalSection(ProjectConfigurationPlatforms) = postSolution
		{B04B3136-AE51-4615-AB59-CEFF8AEB8056}.Debug|Any CPU.ActiveCfg = Debug|Any CPU
		{B04B3136-AE51-4615-AB59-CEFF8AEB8056}.Debug|Any CPU.Build.0 = Debug|Any CPU
		{B04B3136-AE51-4615-AB59-CEFF8AEB8056}.Release|Any CPU.ActiveCfg = Release|Any CPU
		{B04B3136-AE51-4615-AB59-CEFF8AEB8056}.Release|Any CPU.Build.0 = Release|Any CPU
	EndGlobalSection
	GlobalSection(SolutionProperties) = preSolution
		HideSolutionNode = FALSE
	EndGlobalSection
	GlobalSection(ExtensibilityGlobals) = postSolution
		SolutionGuid = {E0649D4B-18EE-453F-879C-DBCB9012BDB1}
	EndGlobalSection
EndGlobal
